<?xml version="1.0" encoding="utf-8"?>
<Project ToolsVersion="4.0" xmlns="http://schemas.microsoft.com/developer/msbuild/2003">
  <ItemGroup>
    <Filter Include="Lib">
      <UniqueIdentifier>{b927c93b-a984-4ca6-ab20-94074ac86b02}</UniqueIdentifier>
    </Filter>
    <Filter Include="Game">
      <UniqueIdentifier>{38fd91fb-8492-409f-93ce-f3f9b1dea668}</UniqueIdentifier>
    </Filter>
  </ItemGroup>
  <ItemGroup>
    <ClCompile Include="..\lib\gplib.cpp">
      <Filter>Lib</Filter>
    </ClCompile>
    <ClCompile Include="..\lib\CharBase.cpp">
      <Filter>Lib</Filter>
    </ClCompile>
    <ClCompile Include="..\lib\effect.cpp">
      <Filter>Lib</Filter>
    </ClCompile>
    <ClCompile Include="..\lib\esing.cpp">
      <Filter>Lib</Filter>
    </ClCompile>
    <ClCompile Include="src\PaperKing.cpp">
      <Filter>Game</Filter>
    </ClCompile>
  </ItemGroup>
  <ItemGroup>
    <ClInclude Include="..\lib\gplib.h">
      <Filter>Lib</Filter>
    </ClInclude>
    <ClInclude Include="..\lib\CharBase.h">
      <Filter>Lib</Filter>
    </ClInclude>
    <ClInclude Include="..\lib\effect.h">
      <Filter>Lib</Filter>
    </ClInclude>
    <ClInclude Include="..\lib\esing.h">
      <Filter>Lib</Filter>
    </ClInclude>
  </ItemGroup>
</Project>